github.com/aws/aws-sdk-go v1.38.37 h1:Eh3/jog9t2NhGcOi086NRfRqVKduRXkaH6svI8yF1Jg=
github.com/aws/aws-sdk-go v1.38.37/go.mod h1:hcU610XS61/+aQV88ixoOzUoG7v3b31pl2zKMmprdro=
github.com/aws/aws-sdk-go-v2 v1.4.0 h1:Ryh4fNebT9SwLyCKPSk83dyEZj+KB6KzDyb1gXii7EI=
github.com/aws/aws-sdk-go-v2 v1.4.0/go.mod h1:tI4KhsR5VkzlUa2DZAdwx7wCAYGwkZZ1H31PYrBFx1w=
github.com/aws/aws-sdk-go-v2/config v1.1.7 h1:I9AsaodDiw1WbUBn8b4Ktvr2ltPBe7QfLq4UUZY4GsY=
github.com/aws/aws-sdk-go-v2/config v1.1.7/go.mod h1:6GFyKv06rDCBCIOmWe9vLi7ofCkE7y8aqI6a3tFWNQ0=
github.com/aws/aws-sdk-go-v2/credentials v1.1.7 h1:hpg13GGT/j7Zv+xkJ+0p2Pj1NvnRSNIX1XI4WI02kq8=
github.com/aws/aws-sdk-go-v2/credentials v1.1.7/go.mod h1:xYCvIyeVCRC9DmG3Zv/pxlZEEIBYf4fY/jSUVSrr58M=
github.com/aws/aws-sdk-go-v2/feature/ec2/imds v1.0.7 h1:WdPPgbL9Kl4UrEdiy6IdQioPuXSBg8HJcU9eihiCWOE=
github.com/aws/aws-sdk-go-v2/feature/ec2/imds v1.0.7/go.mod h1:51hY5nMAiL2EF8ny/pFovWYoKZTcEfOw0WWKcq2E9AQ=
github.com/aws/aws-sdk-go-v2/service/costexplorer v1.4.1 h1:TW4Z+yKa7g11SzCYogm+s2nAsIRMB7pR9i9CJDHrTNY=
github.com/aws/aws-sdk-go-v2/service/costexplorer v1.4.1/go.mod h1:pn63eSSBAiiO7rEvf5aDTLb/HXRaTLoXHnUvqmllZM4=
github.com/aws/aws-sdk-go-v2/service/internal/presigned-url v1.0.7 h1:/XUEk2eY/QGzCHSX5LH4vp+UMKTSVVCroUfgkzPGIzE=
github.com/aws/aws-sdk-go-v2/service/internal/presigned-url v1.0.7/go.mod h1:Fl3kxN4ucBIPuAHKHRn+wTGylFzMCEjRfmfHqZuEh8o=
github.com/aws/aws-sdk-go-v2/service/sso v1.1.6 h1:oS6Jdb6ZwD7U1OqJYqyGbgcU0VJ15E3XbiIIp0clge8=
github.com/aws/aws-sdk-go-v2/service/sso v1.1.6/go.mod h1:EO4s+JzAllrWKgNjS/Q4mj43vGimSvhWCB6BLognegc=
github.com/aws/aws-sdk-go-v2/service/sts v1.3.1 h1:tAn9Kvjfq2F2rCeTbMOLtDBQVjLLSIvm21BTUFoswss=
github.com/aws/aws-sdk-go-v2/service/sts v1.3.1/go.mod h1:QPpnumNNgybBiz3HXGgDRf/QypAMOOsh4+JdOhG5mLU=
github.com/aws/smithy-go v1.4.0 h1:3rsQpgRe+OoQgJhEwGNpIkosl0fJLdmQqF4gSFRjg+4=
github.com/aws/smithy-go v1.4.0/go.mod h1:SObp3lf9smib00L/v3U2eAKG8FyQ7iLrJnQiAmR5n+E=
github.com/davecgh/go-spew v1.1.0 h1:ZDRjVQ15GmhC3fiQ8ni8+OwkZQO4DARzQgrnXU1Liz8=
github.com/davecgh/go-spew v1.1.0/go.mod h1:J7Y8YcW2NihsgmVo/mv3lAwl/skON4iLHjSsI+c5H38=
github.com/evalphobia/aws-sdk-go-wrapper v1.16.4 h1:y7kjiMhzLaJw+9nQiF00SkOgSxZxM9pQhHUW0NG20eM=
github.com/evalphobia/aws-sdk-go-wrapper v1.16.4/go.mod h1:gSlH0GxyuICskuClrRmHAet9uVrPzWPPXdhuPLi69tE=
github.com/evalphobia/awscost v0.1.0 h1:VRSr3TOLveNW8g4zi902dFKiCcxZ6CMHku4HaSS/81Q=
github.com/evalphobia/awscost v0.1.0/go.mod h1:Zrg4vMLTLFdvodWhBjAJFPA+ttIvAYxbjNYVZrkxi1g=
github.com/go-sql-driver/mysql v1.5.0/go.mod h1:DCzpHaOWr8IXmIStZouvnhqoel9Qv2LBy8hT2VhHyBg=
github.com/google/go-cmp v0.5.4 h1:L8R9j+yAqZuZjsqh/z+F1NCffTKKLShY6zXTItVIZ8M=
github.com/google/go-cmp v0.5.4/go.mod h1:v8dTdLbMG2kIc/vJvl+f65V22dbkXbowE6jgT/gNBxE=
github.com/jmespath/go-jmespath v0.0.0-20180206201540-c2b33e8439af/go.mod h1:Nht3zPeWKUH0NzdCt2Blrr5ys8VGpn0CEB0cQHVjt7k=
github.com/jmespath/go-jmespath v0.4.0 h1:BEgLn5cpjn8UN1mAw4NjwDrS35OdebyEtFe+9YPoQUg=
github.com/jmespath/go-jmespath v0.4.0/go.mod h1:T8mJZnbsbmF+m6zOOFylbeCJqk5+pHWvzYPziyZiYoo=
github.com/jmespath/go-jmespath/internal/testify v1.5.1 h1:shLQSRRSCCPj3f2gpwzGwWFoC7ycTf1rcQZHOlsJ6N8=
github.com/jmespath/go-jmespath/internal/testify v1.5.1/go.mod h1:L3OGu8Wl2/fWfCI6z80xFu9LTZmf1ZRjMHUOPmWr69U=
github.com/pkg/errors v0.9.1/go.mod h1:bwawxfHBFNV+L2hUp1rHADufV3IMtnDRdf1r5NINEl0=
github.com/pmezard/go-difflib v1.0.0 h1:4DBwDE0NGyQoBHbLQYPwSUPoCMWR5BEzIk/f1lZbAQM=
github.com/pmezard/go-difflib v1.0.0/go.mod h1:iKH77koFhYxTK1pcRnkKkqfTogsbg7gZNVY4sRDYZ/4=
github.com/stretchr/objx v0.1.0 h1:4G4v2dO3VZwixGIRoQ5Lfboy6nUhCyYzaqnIAPPhYs4=
github.com/stretchr/objx v0.1.0/go.mod h1:HFkY916IF+rwdDfMAkV7OtwuqBVzrE8GR6GFx+wExME=
github.com/stretchr/testify v1.4.0/go.mod h1:j7eGeouHqKxXV5pUuKE4zz7dFj8WfuZ+81PSLYec5m4=
github.com/stretchr/testify v1.5.1/go.mod h1:5W2xD1RspED5o8YsWQXVCued0rvSQ+mT+I5cxcmMvtA=
golang.org/x/crypto v0.0.0-20190308221718-c2843e01d9a2/go.mod h1:djNgcEr1/C05ACkg1iLfiJU5Ep61QUkGW8qpdssI0+w=
golang.org/x/crypto v0.0.0-20200622213623-75b288015ac9/go.mod h1:LzIPMQfyMNhhGPhUkYOs5KpL4U8rLKemX1yGLhDgUto=
golang.org/x/net v0.0.0-20190404232315-eb5bcb51f2a3/go.mod h1:t9HGtf8HONx5eT2rtn7q6eTqICYqUVnKs3thJo3Qplg=
golang.org/x/net v0.0.0-20200202094626-16171245cfb2/go.mod h1:z5CRVTTTmAJ677TzLLGU+0bjPO0LkuOLi4/5GtJWs/s=
golang.org/x/net v0.0.0-20201110031124-69a78807bb2b/go.mod h1:sp8m0HH+o8qH0wwXwYZr8TS3Oi6o0r6Gce1SSxlDquU=
golang.org/x/sys v0.0.0-20190215142949-d0b11bdaac8a/go.mod h1:STP8DvDyc/dI5b8T5hshtkjS+E42TnysNCUPdjciGhY=
golang.org/x/sys v0.0.0-20190412213103-97732733099d/go.mod h1:h1NjWce9XRLGQEsW7wpKNCjG9DtNlClVuFLEZdDNbEs=
golang.org/x/sys v0.0.0-20200930185726-fdedc70b468f/go.mod h1:h1NjWce9XRLGQEsW7wpKNCjG9DtNlClVuFLEZdDNbEs=
golang.org/x/text v0.3.0/go.mod h1:NqM8EUOU14njkJ3fqMW+pc6Ldnwhi/IjpwHt7yyuwOQ=
golang.org/x/text v0.3.3 h1:cokOdA+Jmi5PJGXLlLllQSgYigAEfHXJAERHVMaCc2k=
golang.org/x/text v0.3.3/go.mod h1:5Zoc/QRtKVWzQhOtBMvqHzDpF6irO9z98xDceosuGiQ=
golang.org/x/time v0.0.0-20191024005414-555d28b269f0/go.mod h1:tRJNPiyCQ0inRvYxbN9jk5I+vvW/OXSQhTDSoE431IQ=
golang.org/x/tools v0.0.0-20180917221912-90fa682c2a6e/go.mod h1:n7NCudcB/nEzxVGmLbDWY5pfWTLqBcC2KZ6jyYvM4mQ=
golang.org/x/xerrors v0.0.0-20191204190536-9bdfabe68543 h1:E7g+9GITq07hpfrRu66IVDexMakfv52eLZ2CXBWiKr4=
golang.org/x/xerrors v0.0.0-20191204190536-9bdfabe68543/go.mod h1:I/5z698sn9Ka8TeJc9MKroUUfqBBauWjQqLJ2OPfmY0=
gopkg.in/check.v1 v0.0.0-20161208181325-20d25e280405 h1:yhCVgyC4o1eVCa2tZl7eS0r+SDo693bJlVdllGtEeKM=
gopkg.in/check.v1 v0.0.0-20161208181325-20d25e280405/go.mod h1:Co6ibVJAznAaIkqp8huTwlJQCZ016jof/cbN4VW5Yz0=
gopkg.in/yaml.v2 v2.2.2/go.mod h1:hI93XBmqTisBFMUTm0b8Fm+jr3Dg1NNxqwp+5A1VGuI=
gopkg.in/yaml.v2 v2.2.8 h1:obN1ZagJSUGI0Ek/LBmuj4SNLPfIny3KsKFopxRdj10=
gopkg.in/yaml.v2 v2.2.8/go.mod h1:hI93XBmqTisBFMUTm0b8Fm+jr3Dg1NNxqwp+5A1VGuI=
